// !$*UTF8*$!
{
	archiveVersion = 1;
	classes = {
	};
	objectVersion = 55;
	objects = {

/* Begin PBXBuildFile section */
		341B8CB2286D3FE0005A6252 /* LightCompressor in Frameworks */ = {isa = PBXBuildFile; productRef = 341B8CB1286D3FE0005A6252 /* LightCompressor */; };
		34C5E5B4286D3D0800DC3F2E /* AppDelegate.swift in Sources */ = {isa = PBXBuildFile; fileRef = 34C5E5B3286D3D0800DC3F2E /* AppDelegate.swift */; };
		34C5E5B6286D3D0800DC3F2E /* SceneDelegate.swift in Sources */ = {isa = PBXBuildFile; fileRef = 34C5E5B5286D3D0800DC3F2E /* SceneDelegate.swift */; };
		34C5E5B8286D3D0800DC3F2E /* ViewController.swift in Sources */ = {isa = PBXBuildFile; fileRef = 34C5E5B7286D3D0800DC3F2E /* ViewController.swift */; };
		34C5E5BB286D3D0800DC3F2E /* Main.storyboard in Resources */ = {isa = PBXBuildFile; fileRef = 34C5E5B9286D3D0800DC3F2E /* Main.storyboard */; };
		34C5E5BD286D3D0900DC3F2E /* Assets.xcassets in Resources */ = {isa = PBXBuildFile; fileRef = 34C5E5BC286D3D0900DC3F2E /* Assets.xcassets */; };
		34C5E5C0286D3D0900DC3F2E /* LaunchScreen.storyboard in Resources */ = {isa = PBXBuildFile; fileRef = 34C5E5BE286D3D0900DC3F2E /* LaunchScreen.storyboard */; };
/* End PBXBuildFile section */

/* Begin PBXFileReference section */
		34C5E5B0286D3D0800DC3F2E /* Example */ = {isa = PBXFileReference; explicitFileType = wrapper.application; includeInIndex = 0; name = Example; path = ../../../../../../../../AndroidStudioProjects/LightCompressor_iOS/Sources/Example; sourceTree = BUILT_PRODUCTS_DIR; };
		34C5E5B3286D3D0800DC3F2E /* AppDelegate.swift */ = {isa = PBXFileReference; lastKnownFileType = sourcecode.swift; path = AppDelegate.swift; sourceTree = "<group>"; };
		34C5E5B5286D3D0800DC3F2E /* SceneDelegate.swift */ = {isa = PBXFileReference; lastKnownFileType = sourcecode.swift; path = SceneDelegate.swift; sourceTree = "<group>"; };
		34C5E5B7286D3D0800DC3F2E /* ViewController.swift */ = {isa = PBXFileReference; lastKnownFileType = sourcecode.swift; path = ViewController.swift; sourceTree = "<group>"; };
		34C5E5BA286D3D0800DC3F2E /* Base */ = {isa = PBXFileReference; lastKnownFileType = file.storyboard; name = Base; path = Base.lproj/Main.storyboard; sourceTree = "<group>"; };
		34C5E5BC286D3D0900DC3F2E /* Assets.xcassets */ = {isa = PBXFileReference; lastKnownFileType = folder.assetcatalog; path = Assets.xcassets; sourceTree = "<group>"; };
		34C5E5BF286D3D0900DC3F2E /* Base */ = {isa = PBXFileReference; lastKnownFileType = file.storyboard; name = Base; path = Base.lproj/LaunchScreen.storyboard; sourceTree = "<group>"; };
		34C5E5C1286D3D0900DC3F2E /* Info.plist */ = {isa = PBXFileReference; lastKnownFileType = text.plist.xml; path = Info.plist; sourceTree = "<group>"; };
		34C5E5C8286D3D8D00DC3F2E /*  */ = {isa = PBXFileReference; lastKnownFileType = wrapper; name = ""; sourceTree = "<group>"; };
/* End PBXFileReference section */

/* Begin PBXFrameworksBuildPhase section */
		34C5E5AD286D3D0800DC3F2E /* Frameworks */ = {
			isa = PBXFrameworksBuildPhase;
			buildActionMask = 2147483647;
			files = (
				341B8CB2286D3FE0005A6252 /* LightCompressor in Frameworks */,
			);
			runOnlyForDeploymentPostprocessing = 0;
		};
/* End PBXFrameworksBuildPhase section */

/* Begin PBXGroup section */
		341B8CB0286D3FE0005A6252 /* Frameworks */ = {
			isa = PBXGroup;
			children = (
			);
			name = Frameworks;
			sourceTree = "<group>";
		};
		34C5E5A7286D3D0800DC3F2E = {
			isa = PBXGroup;
			children = (
				34C5E5C7286D3D8D00DC3F2E /* Packages */,
				34C5E5B2286D3D0800DC3F2E /* Example */,
				34C5E5B1286D3D0800DC3F2E /* Products */,
				341B8CB0286D3FE0005A6252 /* Frameworks */,
			);
			sourceTree = "<group>";
		};
		34C5E5B1286D3D0800DC3F2E /* Products */ = {
			isa = PBXGroup;
			children = (
				34C5E5B0286D3D0800DC3F2E /* Example */,
			);
			name = Products;
			sourceTree = "<group>";
		};
		34C5E5B2286D3D0800DC3F2E /* Example */ = {
			isa = PBXGroup;
			children = (
				34C5E5B3286D3D0800DC3F2E /* AppDelegate.swift */,
				34C5E5B5286D3D0800DC3F2E /* SceneDelegate.swift */,
				34C5E5B7286D3D0800DC3F2E /* ViewController.swift */,
				34C5E5B9286D3D0800DC3F2E /* Main.storyboard */,
				34C5E5BC286D3D0900DC3F2E /* Assets.xcassets */,
				34C5E5BE286D3D0900DC3F2E /* LaunchScreen.storyboard */,
				34C5E5C1286D3D0900DC3F2E /* Info.plist */,
			);
			name = Example;
			path = Sources/Example;
			sourceTree = "<group>";
		};
		34C5E5C7286D3D8D00DC3F2E /* Packages */ = {
			isa = PBXGroup;
			children = (
				34C5E5C8286D3D8D00DC3F2E /*  */,
			);
			name = Packages;
			sourceTree = "<group>";
		};
/* End PBXGroup section */

/* Begin PBXNativeTarget section */
		34C5E5AF286D3D0800DC3F2E /* Example */ = {
			isa = PBXNativeTarget;
			buildConfigurationList = 34C5E5C4286D3D0900DC3F2E /* Build configuration list for PBXNativeTarget "Example" */;
			buildPhases = (
				34C5E5AC286D3D0800DC3F2E /* Sources */,
				34C5E5AD286D3D0800DC3F2E /* Frameworks */,
				34C5E5AE286D3D0800DC3F2E /* Resources */,
			);
			buildRules = (
			);
			dependencies = (
			);
			name = Example;
			packageProductDependencies = (
				341B8CB1286D3FE0005A6252 /* LightCompressor */,
			);
			productName = Example;
			productReference = 34C5E5B0286D3D0800DC3F2E /* Example */;
			productType = "com.apple.product-type.application";
		};
/* End PBXNativeTarget section */

/* Begin PBXProject section */
		34C5E5A8286D3D0800DC3F2E /* Project object */ = {
			isa = PBXProject;
			attributes = {
				BuildIndependentTargetsInParallel = 1;
				LastSwiftUpdateCheck = 1340;
				LastUpgradeCheck = 1340;
				TargetAttributes = {
					34C5E5AF286D3D0800DC3F2E = {
						CreatedOnToolsVersion = 13.4;
					};
				};
			};
			buildConfigurationList = 34C5E5AB286D3D0800DC3F2E /* Build configuration list for PBXProject "Example" */;
			compatibilityVersion = "Xcode 13.0";
			developmentRegion = en;
			hasScannedForEncodings = 0;
			knownRegions = (
				en,
				Base,
			);
			mainGroup = 34C5E5A7286D3D0800DC3F2E;
			productRefGroup = 34C5E5B1286D3D0800DC3F2E /* Products */;
			projectDirPath = "";
			projectRoot = "";
			targets = (
				34C5E5AF286D3D0800DC3F2E /* Example */,
			);
		};
/* End PBXProject section */

/* Begin PBXResourcesBuildPhase section */
		34C5E5AE286D3D0800DC3F2E /* Resources */ = {
			isa = PBXResourcesBuildPhase;
			buildActionMask = 2147483647;
			files = (
				34C5E5C0286D3D0900DC3F2E /* LaunchScreen.storyboard in Resources */,
				34C5E5BD286D3D0900DC3F2E /* Assets.xcassets in Resources */,
				34C5E5BB286D3D0800DC3F2E /* Main.storyboard in Resources */,
			);
			runOnlyForDeploymentPostprocessing = 0;
		};
/* End PBXResourcesBuildPhase section */

/* Begin PBXSourcesBuildPhase section */
		34C5E5AC286D3D0800DC3F2E /* Sources */ = {
			isa = PBXSourcesBuildPhase;
			buildActionMask = 2147483647;
			files = (
				34C5E5B8286D3D0800DC3F2E /* ViewController.swift in Sources */,
				34C5E5B4286D3D0800DC3F2E /* AppDelegate.swift in Sources */,
				34C5E5B6286D3D0800DC3F2E /* SceneDelegate.swift in Sources */,
			);
			runOnlyForDeploymentPostprocessing = 0;
		};
/* End PBXSourcesBuildPhase section */

/* Begin PBXVariantGroup section */
		34C5E5B9286D3D0800DC3F2E /* Main.storyboard */ = {
			isa = PBXVariantGroup;
			children = (
				34C5E5BA286D3D0800DC3F2E /* Base */,
			);
			name = Main.storyboard;
			sourceTree = "<group>";
		};
		34C5E5BE286D3D0900DC3F2E /* LaunchScreen.storyboard */ = {
			isa = PBXVariantGroup;
			children = (
				34C5E5BF286D3D0900DC3F2E /* Base */,
			);
			name = LaunchScreen.storyboard;
			sourceTree = "<group>";
		};
/* End PBXVariantGroup section */

/* Begin XCBuildConfiguration section */
		34C5E5C2286D3D0900DC3F2E /* Debug */ = {
			isa = XCBuildConfiguration;
			buildSettings = {
				ALWAYS_SEARCH_USER_PATHS = NO;
				CLANG_ANALYZER_NONNULL = YES;
				CLANG_ANALYZER_NUMBER_OBJECT_CONVERSION = YES_AGGRESSIVE;
				CLANG_CXX_LANGUAGE_STANDARD = "gnu++17";
				CLANG_ENABLE_MODULES = YES;
				CLANG_ENABLE_OBJC_ARC = YES;
				CLANG_ENABLE_OBJC_WEAK = YES;
				CLANG_WARN_BLOCK_CAPTURE_AUTORELEASING = YES;
				CLANG_WARN_BOOL_CONVERSION = YES;
				CLANG_WARN_COMMA = YES;
				CLANG_WARN_CONSTANT_CONVERSION = YES;
				CLANG_WARN_DEPRECATED_OBJC_IMPLEMENTATIONS = YES;
				CLANG_WARN_DIRECT_OBJC_ISA_USAGE = YES_ERROR;
				CLANG_WARN_DOCUMENTATION_COMMENTS = YES;
				CLANG_WARN_EMPTY_BODY = YES;
				CLANG_WARN_ENUM_CONVERSION = YES;
				CLANG_WARN_INFINITE_RECURSION = YES;
				CLANG_WARN_INT_CONVERSION = YES;
				CLANG_WARN_NON_LITERAL_NULL_CONVERSION = YES;
				CLANG_WARN_OBJC_IMPLICIT_RETAIN_SELF = YES;
				CLANG_WARN_OBJC_LITERAL_CONVERSION = YES;
				CLANG_WARN_OBJC_ROOT_CLASS = YES_ERROR;
				CLANG_WARN_QUOTED_INCLUDE_IN_FRAMEWORK_HEADER = YES;
				CLANG_WARN_RANGE_LOOP_ANALYSIS = YES;
				CLANG_WARN_STRICT_PROTOTYPES = YES;
				CLANG_WARN_SUSPICIOUS_MOVE = YES;
				CLANG_WARN_UNGUARDED_AVAILABILITY = YES_AGGRESSIVE;
				CLANG_WARN_UNREACHABLE_CODE = YES;
				CLANG_WARN__DUPLICATE_METHOD_MATCH = YES;
				COPY_PHASE_STRIP = NO;
				DEBUG_INFORMATION_FORMAT = dwarf;
				ENABLE_STRICT_OBJC_MSGSEND = YES;
				ENABLE_TESTABILITY = YES;
				GCC_C_LANGUAGE_STANDARD = gnu11;
				GCC_DYNAMIC_NO_PIC = NO;
				GCC_NO_COMMON_BLOCKS = YES;
				GCC_OPTIMIZATION_LEVEL = 0;
				GCC_PREPROCESSOR_DEFINITIONS = (
					"DEBUG=1",
					"$(inherited)",
				);
				GCC_WARN_64_TO_32_BIT_CONVERSION = YES;
				GCC_WARN_ABOUT_RETURN_TYPE = YES_ERROR;
				GCC_WARN_UNDECLARED_SELECTOR = YES;
				GCC_WARN_UNINITIALIZED_AUTOS = YES_AGGRESSIVE;
				GCC_WARN_UNUSED_FUNCTION = YES;
				GCC_WARN_UNUSED_VARIABLE = YES;
				IPHONEOS_DEPLOYMENT_TARGET = 15.5;
				MTL_ENABLE_DEBUG_INFO = INCLUDE_SOURCE;
				MTL_FAST_MATH = YES;
				ONLY_ACTIVE_ARCH = YES;
				SDKROOT = iphoneos;
				SWIFT_ACTIVE_COMPILATION_CONDITIONS = DEBUG;
				SWIFT_OPTIMIZATION_LEVEL = "-Onone";
			};
			name = Debug;
		};
		34C5E5C3286D3D0900DC3F2E /* Release */ = {
			isa = XCBuildConfiguration;
			buildSettings = {
				ALWAYS_SEARCH_USER_PATHS = NO;
				CLANG_ANALYZER_NONNULL = YES;
				CLANG_ANALYZER_NUMBER_OBJECT_CONVERSION = YES_AGGRESSIVE;
				CLANG_CXX_LANGUAGE_STANDARD = "gnu++17";
				CLANG_ENABLE_MODULES = YES;
				CLANG_ENABLE_OBJC_ARC = YES;
				CLANG_ENABLE_OBJC_WEAK = YES;
				CLANG_WARN_BLOCK_CAPTURE_AUTORELEASING = YES;
				CLANG_WARN_BOOL_CONVERSION = YES;
				CLANG_WARN_COMMA = YES;
				CLANG_WARN_CONSTANT_CONVERSION = YES;
				CLANG_WARN_DEPRECATED_OBJC_IMPLEMENTATIONS = YES;
				CLANG_WARN_DIRECT_OBJC_ISA_USAGE = YES_ERROR;
				CLANG_WARN_DOCUMENTATION_COMMENTS = YES;
				CLANG_WARN_EMPTY_BODY = YES;
				CLANG_WARN_ENUM_CONVERSION = YES;
				CLANG_WARN_INFINITE_RECURSION = YES;
				CLANG_WARN_INT_CONVERSION = YES;
				CLANG_WARN_NON_LITERAL_NULL_CONVERSION = YES;
				CLANG_WARN_OBJC_IMPLICIT_RETAIN_SELF = YES;
				CLANG_WARN_OBJC_LITERAL_CONVERSION = YES;
				CLANG_WARN_OBJC_ROOT_CLASS = YES_ERROR;
				CLANG_WARN_QUOTED_INCLUDE_IN_FRAMEWORK_HEADER = YES;
				CLANG_WARN_RANGE_LOOP_ANALYSIS = YES;
				CLANG_WARN_STRICT_PROTOTYPES = YES;
				CLANG_WARN_SUSPICIOUS_MOVE = YES;
				CLANG_WARN_UNGUARDED_AVAILABILITY = YES_AGGRESSIVE;
				CLANG_WARN_UNREACHABLE_CODE = YES;
				CLANG_WARN__DUPLICATE_METHOD_MATCH = YES;
				COPY_PHASE_STRIP = NO;
				DEBUG_INFORMATION_FORMAT = "dwarf-with-dsym";
				ENABLE_NS_ASSERTIONS = NO;
				ENABLE_STRICT_OBJC_MSGSEND = YES;
				GCC_C_LANGUAGE_STANDARD = gnu11;
				GCC_NO_COMMON_BLOCKS = YES;
				GCC_WARN_64_TO_32_BIT_CONVERSION = YES;
				GCC_WARN_ABOUT_RETURN_TYPE = YES_ERROR;
				GCC_WARN_UNDECLARED_SELECTOR = YES;
				GCC_WARN_UNINITIALIZED_AUTOS = YES_AGGRESSIVE;
				GCC_WARN_UNUSED_FUNCTION = YES;
				GCC_WARN_UNUSED_VARIABLE = YES;
				IPHONEOS_DEPLOYMENT_TARGET = 15.5;
				MTL_ENABLE_DEBUG_INFO = NO;
				MTL_FAST_MATH = YES;
				SDKROOT = iphoneos;
				SWIFT_COMPILATION_MODE = wholemodule;
				SWIFT_OPTIMIZATION_LEVEL = "-O";
				VALIDATE_PRODUCT = YES;
			};
			name = Release;
		};
		34C5E5C5286D3D0900DC3F2E /* Debug */ = {
			isa = XCBuildConfiguration;
			buildSettings = {
				ASSETCATALOG_COMPILER_APPICON_NAME = AppIcon;
				ASSETCATALOG_COMPILER_GLOBAL_ACCENT_COLOR_NAME = AccentColor;
				CODE_SIGN_STYLE = Automatic;
				CURRENT_PROJECT_VERSION = 1;
				GENERATE_INFOPLIST_FILE = YES;
				INFOPLIST_FILE = Sources/Example/Info.plist;
				INFOPLIST_KEY_UIApplicationSupportsIndirectInputEvents = YES;
				INFOPLIST_KEY_UILaunchStoryboardName = LaunchScreen;
				INFOPLIST_KEY_UIMainStoryboardFile = Main;
				INFOPLIST_KEY_UISupportedInterfaceOrientations_iPad = "UIInterfaceOrientationPortrait UIInterfaceOrientationPortraitUpsideDown UIInterfaceOrientationLandscapeLeft UIInterfaceOrientationLandscapeRight";
				INFOPLIST_KEY_UISupportedInterfaceOrientations_iPhone = "UIInterfaceOrientationPortrait UIInterfaceOrientationLandscapeLeft UIInterfaceOrientationLandscapeRight";
				IPHONEOS_DEPLOYMENT_TARGET = 14.0;
				LD_RUNPATH_SEARCH_PATHS = (
					"$(inherited)",
					"@executable_path/Frameworks",
				);
				MARKETING_VERSION = 1.0;
				PRODUCT_BUNDLE_IDENTIFIER = com.abedelazizshe.lightcompressor.Example;
				PRODUCT_NAME = "$(TARGET_NAME)";
				SWIFT_EMIT_LOC_STRINGS = YES;
				SWIFT_VERSION = 5.0;
				TARGETED_DEVICE_FAMILY = "1,2";
			};
			name = Debug;
		};
		34C5E5C6286D3D0900DC3F2E /* Release */ = {
			isa = XCBuildConfiguration;
			buildSettings = {
				ASSETCATALOG_COMPILER_APPICON_NAME = AppIcon;
				ASSETCATALOG_COMPILER_GLOBAL_ACCENT_COLOR_NAME = AccentColor;
				CODE_SIGN_STYLE = Automatic;
				CURRENT_PROJECT_VERSION = 1;
				GENERATE_INFOPLIST_FILE = YES;
				INFOPLIST_FILE = Sources/Example/Info.plist;
				INFOPLIST_KEY_UIApplicationSupportsIndirectInputEvents = YES;
				INFOPLIST_KEY_UILaunchStoryboardName = LaunchScreen;
				INFOPLIST_KEY_UIMainStoryboardFile = Main;
				INFOPLIST_KEY_UISupportedInterfaceOrientations_iPad = "UIInterfaceOrientationPortrait UIInterfaceOrientationPortraitUpsideDown UIInterfaceOrientationLandscapeLeft UIInterfaceOrientationLandscapeRight";
				INFOPLIST_KEY_UISupportedInterfaceOrientations_iPhone = "UIInterfaceOrientationPortrait UIInterfaceOrientationLandscapeLeft UIInterfaceOrientationLandscapeRight";
				IPHONEOS_DEPLOYMENT_TARGET = 14.0;
				LD_RUNPATH_SEARCH_PATHS = (
					"$(inherited)",
					"@executable_path/Frameworks",
				);
				MARKETING_VERSION = 1.0;
				PRODUCT_BUNDLE_IDENTIFIER = com.abedelazizshe.lightcompressor.Example;
				PRODUCT_NAME = "$(TARGET_NAME)";
				SWIFT_EMIT_LOC_STRINGS = YES;
				SWIFT_VERSION = 5.0;
				TARGETED_DEVICE_FAMILY = "1,2";
			};
			name = Release;
		};
/* End XCBuildConfiguration section */

/* Begin XCConfigurationList section */
		34C5E5AB286D3D0800DC3F2E /* Build configuration list for PBXProject "Example" */ = {
			isa = XCConfigurationList;
			buildConfigurations = (
				34C5E5C2286D3D0900DC3F2E /* Debug */,
				34C5E5C3286D3D0900DC3F2E /* Release */,
			);
			defaultConfigurationIsVisible = 0;
			defaultConfigurationName = Release;
		};
		34C5E5C4286D3D0900DC3F2E /* Build configuration list for PBXNativeTarget "Example" */ = {
			isa = XCConfigurationList;
			buildConfigurations = (
				34C5E5C5286D3D0900DC3F2E /* Debug */,
				34C5E5C6286D3D0900DC3F2E /* Release */,
			);
			defaultConfigurationIsVisible = 0;
			defaultConfigurationName = Release;
		};
/* End XCConfigurationList section */

/* Begin XCSwiftPackageProductDependency section */
		341B8CB1286D3FE0005A6252 /* LightCompressor */ = {
			isa = XCSwiftPackageProductDependency;
			productName = LightCompressor;
		};
/* End XCSwiftPackageProductDependency section */
	};
	rootObject = 34C5E5A8286D3D0800DC3F2E /* Project object */;
}
